
Microsoft Visual Studio Solution File, Format Version 12.00
# Visual Studio Version 17
VisualStudioVersion = 17.0.31919.166
MinimumVisualStudioVersion = 10.0.40219.1
Project("{9A19103F-16F7-4668-BE54-9A1E7A4F7556}") = "Wolfden.Server", "Wolfden\Server\Wolfden.Server.csproj", "{EEC71047-7A5C-436E-BEF0-546C57FF789E}"
EndProject
Project("{9A19103F-16F7-4668-BE54-9A1E7A4F7556}") = "Wolfden.Client", "Wolfden\Client\Wolfden.Client.csproj", "{56B7FBB8-9CE6-4924-942A-68254B4E367C}"
EndProject
Project("{9A19103F-16F7-4668-BE54-9A1E7A4F7556}") = "Wolfden.Shared", "Wolfden\Shared\Wolfden.Shared.csproj", "{72439504-9C46-4AF7-8585-CD29379C1180}"
EndProject
Project("{9A19103F-16F7-4668-BE54-9A1E7A4F7556}") = "Dijkstra", "Modules\Dijkstra\Dijkstra.csproj", "{24EA9EF1-277A-4517-ACFC-BFBC6F09BBF9}"
EndProject
Project("{2150E333-8FDC-42A3-9474-1A3956D46DE8}") = "Modules", "Modules", "{A0310411-93E2-4DB6-9B3D-8ED16104948E}"
EndProject
Project("{9A19103F-16F7-4668-BE54-9A1E7A4F7556}") = "Lobbies", "Modules\Lobbies\Lobbies.csproj", "{57A6A63A-C922-47BC-BD4C-554397E226CA}"
EndProject
Project("{2150E333-8FDC-42A3-9474-1A3956D46DE8}") = "Games", "Games", "{62CF101F-78DD-4B94-BAF6-82D1E180B6BF}"
EndProject
Project("{2150E333-8FDC-42A3-9474-1A3956D46DE8}") = "Lupus", "Lupus", "{537448AA-A2B3-4CE6-9421-0299D18D6B6E}"
EndProject
Project("{9A19103F-16F7-4668-BE54-9A1E7A4F7556}") = "Lupus", "lupus\Lupus\Lupus.csproj", "{7EEE4FE3-E9BC-4D57-B3E3-D0FE46F4C202}"
EndProject
Project("{9A19103F-16F7-4668-BE54-9A1E7A4F7556}") = "LupusLobbies", "lupus\LupusLobbies\LupusLobbies.csproj", "{E41586F5-E06D-4998-B23C-A9025902C5E7}"
EndProject
Project("{9A19103F-16F7-4668-BE54-9A1E7A4F7556}") = "LupusBlazor", "lupus\LupusBlazor\LupusBlazor.csproj", "{3390B717-CEC6-4E36-B8F7-05B608D25084}"
EndProject
Project("{FAE04EC0-301F-11D3-BF4B-00C04F79EFBC}") = "Wolfden.Client.Test", "Wolfden\Test\Wolfden.Client.Test\Wolfden.Client.Test.csproj", "{C5837E19-3B01-4F32-BA56-F35E5A51B262}"
EndProject
Project("{2150E333-8FDC-42A3-9474-1A3956D46DE8}") = "PIXI", "PIXI", "{7E8FA7B2-C19E-42E2-941B-6C4BF7311110}"
EndProject
Project("{FAE04EC0-301F-11D3-BF4B-00C04F79EFBC}") = "PIXI", "PIXI\PIXI.csproj", "{E03B5555-0A8F-4F26-9847-0AE46F85AAB7}"
EndProject
Project("{2150E333-8FDC-42A3-9474-1A3956D46DE8}") = "Blazor", "Blazor", "{6CD4D1A8-0C8A-4699-B85E-C49DE7BB11E4}"
EndProject
Project("{FAE04EC0-301F-11D3-BF4B-00C04F79EFBC}") = "BlazorJavascriptHelper", "BlazorJavascriptHelper\BlazorJavascriptHelper.csproj", "{F8FA1E04-3E57-4252-8110-F879AFDC6370}"
EndProject
Global
	GlobalSection(SolutionConfigurationPlatforms) = preSolution
		Debug|Any CPU = Debug|Any CPU
		Release|Any CPU = Release|Any CPU
	EndGlobalSection
	GlobalSection(ProjectConfigurationPlatforms) = postSolution
		{EEC71047-7A5C-436E-BEF0-546C57FF789E}.Debug|Any CPU.ActiveCfg = Debug|Any CPU
		{EEC71047-7A5C-436E-BEF0-546C57FF789E}.Debug|Any CPU.Build.0 = Debug|Any CPU
		{EEC71047-7A5C-436E-BEF0-546C57FF789E}.Release|Any CPU.ActiveCfg = Release|Any CPU
		{EEC71047-7A5C-436E-BEF0-546C57FF789E}.Release|Any CPU.Build.0 = Release|Any CPU
		{56B7FBB8-9CE6-4924-942A-68254B4E367C}.Debug|Any CPU.ActiveCfg = Debug|Any CPU
		{56B7FBB8-9CE6-4924-942A-68254B4E367C}.Debug|Any CPU.Build.0 = Debug|Any CPU
		{56B7FBB8-9CE6-4924-942A-68254B4E367C}.Release|Any CPU.ActiveCfg = Release|Any CPU
		{56B7FBB8-9CE6-4924-942A-68254B4E367C}.Release|Any CPU.Build.0 = Release|Any CPU
		{72439504-9C46-4AF7-8585-CD29379C1180}.Debug|Any CPU.ActiveCfg = Debug|Any CPU
		{72439504-9C46-4AF7-8585-CD29379C1180}.Debug|Any CPU.Build.0 = Debug|Any CPU
		{72439504-9C46-4AF7-8585-CD29379C1180}.Release|Any CPU.ActiveCfg = Release|Any CPU
		{72439504-9C46-4AF7-8585-CD29379C1180}.Release|Any CPU.Build.0 = Release|Any CPU
		{24EA9EF1-277A-4517-ACFC-BFBC6F09BBF9}.Debug|Any CPU.ActiveCfg = Debug|Any CPU
		{24EA9EF1-277A-4517-ACFC-BFBC6F09BBF9}.Debug|Any CPU.Build.0 = Debug|Any CPU
		{24EA9EF1-277A-4517-ACFC-BFBC6F09BBF9}.Release|Any CPU.ActiveCfg = Release|Any CPU
		{24EA9EF1-277A-4517-ACFC-BFBC6F09BBF9}.Release|Any CPU.Build.0 = Release|Any CPU
		{57A6A63A-C922-47BC-BD4C-554397E226CA}.Debug|Any CPU.ActiveCfg = Debug|Any CPU
		{57A6A63A-C922-47BC-BD4C-554397E226CA}.Debug|Any CPU.Build.0 = Debug|Any CPU
		{57A6A63A-C922-47BC-BD4C-554397E226CA}.Release|Any CPU.ActiveCfg = Release|Any CPU
		{57A6A63A-C922-47BC-BD4C-554397E226CA}.Release|Any CPU.Build.0 = Release|Any CPU
		{7EEE4FE3-E9BC-4D57-B3E3-D0FE46F4C202}.Debug|Any CPU.ActiveCfg = Debug|Any CPU
		{7EEE4FE3-E9BC-4D57-B3E3-D0FE46F4C202}.Debug|Any CPU.Build.0 = Debug|Any CPU
		{7EEE4FE3-E9BC-4D57-B3E3-D0FE46F4C202}.Release|Any CPU.ActiveCfg = Release|Any CPU
		{7EEE4FE3-E9BC-4D57-B3E3-D0FE46F4C202}.Release|Any CPU.Build.0 = Release|Any CPU
		{E41586F5-E06D-4998-B23C-A9025902C5E7}.Debug|Any CPU.ActiveCfg = Debug|Any CPU
		{E41586F5-E06D-4998-B23C-A9025902C5E7}.Debug|Any CPU.Build.0 = Debug|Any CPU
		{E41586F5-E06D-4998-B23C-A9025902C5E7}.Release|Any CPU.ActiveCfg = Release|Any CPU
		{E41586F5-E06D-4998-B23C-A9025902C5E7}.Release|Any CPU.Build.0 = Release|Any CPU
		{3390B717-CEC6-4E36-B8F7-05B608D25084}.Debug|Any CPU.ActiveCfg = Debug|Any CPU
		{3390B717-CEC6-4E36-B8F7-05B608D25084}.Debug|Any CPU.Build.0 = Debug|Any CPU
		{3390B717-CEC6-4E36-B8F7-05B608D25084}.Release|Any CPU.ActiveCfg = Release|Any CPU
		{3390B717-CEC6-4E36-B8F7-05B608D25084}.Release|Any CPU.Build.0 = Release|Any CPU
		{C5837E19-3B01-4F32-BA56-F35E5A51B262}.Debug|Any CPU.ActiveCfg = Debug|Any CPU
		{C5837E19-3B01-4F32-BA56-F35E5A51B262}.Debug|Any CPU.Build.0 = Debug|Any CPU
		{C5837E19-3B01-4F32-BA56-F35E5A51B262}.Release|Any CPU.ActiveCfg = Release|Any CPU
		{C5837E19-3B01-4F32-BA56-F35E5A51B262}.Release|Any CPU.Build.0 = Release|Any CPU
		{E03B5555-0A8F-4F26-9847-0AE46F85AAB7}.Debug|Any CPU.ActiveCfg = Debug|Any CPU
		{E03B5555-0A8F-4F26-9847-0AE46F85AAB7}.Debug|Any CPU.Build.0 = Debug|Any CPU
		{E03B5555-0A8F-4F26-9847-0AE46F85AAB7}.Release|Any CPU.ActiveCfg = Release|Any CPU
		{E03B5555-0A8F-4F26-9847-0AE46F85AAB7}.Release|Any CPU.Build.0 = Release|Any CPU
		{F8FA1E04-3E57-4252-8110-F879AFDC6370}.Debug|Any CPU.ActiveCfg = Debug|Any CPU
		{F8FA1E04-3E57-4252-8110-F879AFDC6370}.Debug|Any CPU.Build.0 = Debug|Any CPU
		{F8FA1E04-3E57-4252-8110-F879AFDC6370}.Release|Any CPU.ActiveCfg = Release|Any CPU
		{F8FA1E04-3E57-4252-8110-F879AFDC6370}.Release|Any CPU.Build.0 = Release|Any CPU
	EndGlobalSection
	GlobalSection(SolutionProperties) = preSolution
		HideSolutionNode = FALSE
	EndGlobalSection
	GlobalSection(NestedProjects) = preSolution
		{24EA9EF1-277A-4517-ACFC-BFBC6F09BBF9} = {A0310411-93E2-4DB6-9B3D-8ED16104948E}
		{57A6A63A-C922-47BC-BD4C-554397E226CA} = {A0310411-93E2-4DB6-9B3D-8ED16104948E}
		{537448AA-A2B3-4CE6-9421-0299D18D6B6E} = {62CF101F-78DD-4B94-BAF6-82D1E180B6BF}
		{7EEE4FE3-E9BC-4D57-B3E3-D0FE46F4C202} = {537448AA-A2B3-4CE6-9421-0299D18D6B6E}
		{E41586F5-E06D-4998-B23C-A9025902C5E7} = {537448AA-A2B3-4CE6-9421-0299D18D6B6E}
		{3390B717-CEC6-4E36-B8F7-05B608D25084} = {537448AA-A2B3-4CE6-9421-0299D18D6B6E}
		{7E8FA7B2-C19E-42E2-941B-6C4BF7311110} = {A0310411-93E2-4DB6-9B3D-8ED16104948E}
		{E03B5555-0A8F-4F26-9847-0AE46F85AAB7} = {7E8FA7B2-C19E-42E2-941B-6C4BF7311110}
		{6CD4D1A8-0C8A-4699-B85E-C49DE7BB11E4} = {A0310411-93E2-4DB6-9B3D-8ED16104948E}
		{F8FA1E04-3E57-4252-8110-F879AFDC6370} = {6CD4D1A8-0C8A-4699-B85E-C49DE7BB11E4}
	EndGlobalSection
	GlobalSection(ExtensibilityGlobals) = postSolution
		SolutionGuid = {3339200A-A539-4ED5-9E5A-076A623B361C}
	EndGlobalSection
EndGlobal
